
Microsoft Visual Studio Solution File, Format Version 12.00
# Visual Studio Version 17
VisualStudioVersion = 17.0.32112.339
MinimumVisualStudioVersion = 10.0.40219.1
Project("{FAE04EC0-301F-11D3-BF4B-00C04F79EFBC}") = "TestGit", "TestGit.csproj", "{5460C640-820F-4B7F-AF79-B1EEA8FD752F}"
EndProject
Global
	GlobalSection(SolutionConfigurationPlatforms) = preSolution
		Debug|Any CPU = Debug|Any CPU
		Release|Any CPU = Release|Any CPU
	EndGlobalSection
	GlobalSection(ProjectConfigurationPlatforms) = postSolution
		{5460C640-820F-4B7F-AF79-B1EEA8FD752F}.Debug|Any CPU.ActiveCfg = Debug|Any CPU
		{5460C640-820F-4B7F-AF79-B1EEA8FD752F}.Debug|Any CPU.Build.0 = Debug|Any CPU
		{5460C640-820F-4B7F-AF79-B1EEA8FD752F}.Release|Any CPU.ActiveCfg = Release|Any CPU
		{5460C640-820F-4B7F-AF79-B1EEA8FD752F}.Release|Any CPU.Build.0 = Release|Any CPU
	EndGlobalSection
	GlobalSection(SolutionProperties) = preSolution
		HideSolutionNode = FALSE
	EndGlobalSection
	GlobalSection(ExtensibilityGlobals) = postSolution
		SolutionGuid = {A0BDDFB5-8AB0-47DB-9EEC-1AD1F7EB7E10}
	EndGlobalSection
EndGlobal
